
Microsoft Visual Studio Solution File, Format Version 12.00
# Visual Studio Version 17
VisualStudioVersion = 17.4.33122.133
MinimumVisualStudioVersion = 10.0.40219.1
Project("{FAE04EC0-301F-11D3-BF4B-00C04F79EFBC}") = "Game", "Game\Game.csproj", "{0EC3A5C5-BF86-4206-8FDB-E29742B3439B}"
EndProject
Global
	GlobalSection(SolutionConfigurationPlatforms) = preSolution
		Debug|Any CPU = Debug|Any CPU
		Release|Any CPU = Release|Any CPU
	EndGlobalSection
	GlobalSection(ProjectConfigurationPlatforms) = postSolution
		{0EC3A5C5-BF86-4206-8FDB-E29742B3439B}.Debug|Any CPU.ActiveCfg = Debug|Any CPU
		{0EC3A5C5-BF86-4206-8FDB-E29742B3439B}.Debug|Any CPU.Build.0 = Debug|Any CPU
		{0EC3A5C5-BF86-4206-8FDB-E29742B3439B}.Release|Any CPU.ActiveCfg = Release|Any CPU
		{0EC3A5C5-BF86-4206-8FDB-E29742B3439B}.Release|Any CPU.Build.0 = Release|Any CPU
	EndGlobalSection
	GlobalSection(SolutionProperties) = preSolution
		HideSolutionNode = FALSE
	EndGlobalSection
	GlobalSection(ExtensibilityGlobals) = postSolution
		SolutionGuid = {6E32FD34-88A8-4599-84D5-FFB8EB357F22}
	EndGlobalSection
EndGlobal
